{
  "name": "fleet-compile-time-constants-example",
  "lockfileVersion": 3,
  "requires": true,
  "packages": {
    "": {
      "name": "fleet-compile-time-constants-example",
      "dependencies": {
        "@fleet-sdk/compiler": "0.12.0",
        "@fleet-sdk/core": "0.12.0",
        "@fleet-sdk/serializer": "0.11.0"
      }
    },
    "node_modules/@fleet-sdk/common": {
      "version": "0.10.0",
      "resolved": "https://registry.npmjs.org/@fleet-sdk/common/-/common-0.10.0.tgz",
      "integrity": "sha512-N92zENyHYhKtKxhJ6jJbWgV3PCkCGM0LYLmn6OOXNqDVbwT9UFgHOTt7eXFd9tqIhwMMPCnlffNe4c+P+CnsJA==",
      "license": "MIT",
      "engines": {
        "node": ">=18"
      }
    },
    "node_modules/@fleet-sdk/compiler": {
      "version": "0.12.0",
      "resolved": "https://registry.npmjs.org/@fleet-sdk/compiler/-/compiler-0.12.0.tgz",
      "integrity": "sha512-WH05qMRmWe8qTI1oX2NZ3qJobp2ZYPh3DqAAtKRPxmeHmfWmvFWM6QHwWeGR7M86QCQczWNdqeOY7qJKs12G4g==",
      "license": "MIT",
      "dependencies": {
        "@fleet-sdk/common": "^0.10.0",
        "@fleet-sdk/core": "^0.12.0",
        "@fleet-sdk/crypto": "^0.11.0",
        "@fleet-sdk/serializer": "^0.11.0",
        "sigmastate-js": "0.4.6"
      },
      "engines": {
        "node": ">=18"
      }
    },
    "node_modules/@fleet-sdk/core": {
      "version": "0.12.0",
      "resolved": "https://registry.npmjs.org/@fleet-sdk/core/-/core-0.12.0.tgz",
      "integrity": "sha512-AYdfivEzfokem2eovnhp5rfv+cFrVR87l/ff71uxt1Xn1Arv0QivNtXn9H00i0t3LkiTxI7ttgU56FAbjWbUKw==",
      "license": "MIT",
      "dependencies": {
        "@fleet-sdk/common": "^0.10.0",
        "@fleet-sdk/crypto": "^0.11.0",
        "@fleet-sdk/serializer": "^0.11.0"
      },
      "engines": {
        "node": ">=18"
      }
    },
    "node_modules/@fleet-sdk/crypto": {
      "version": "0.11.0",
      "resolved": "https://registry.npmjs.org/@fleet-sdk/crypto/-/crypto-0.11.0.tgz",
      "integrity": "sha512-oGyrnL0AyzPSsPdA32y4TEFQ6vJlNDMt9nwiArd2TYbtRCDMNTslHQmC/An4clf4R0e/c4yuZJSdfzHC3F0ssQ==",
      "license": "MIT",
      "dependencies": {
        "@fleet-sdk/common": "^0.10.0",
        "@noble/hashes": "^1.8.0",
        "@scure/base": "^1.2.6"
      },
      "engines": {
        "node": ">=18"
      }
    },
    "node_modules/@fleet-sdk/serializer": {
      "version": "0.11.0",
      "resolved": "https://registry.npmjs.org/@fleet-sdk/serializer/-/serializer-0.11.0.tgz",
      "integrity": "sha512-EYun0nzxJn+23aOeaMM5COj62ibVrzgNOx2I6AM6P23mRs72I0Dv2prdBnU/lst4hqbNHi8a1E6UNvpjH2vhGQ==",
      "license": "MIT",
      "dependencies": {
        "@fleet-sdk/common": "^0.10.0",
        "@fleet-sdk/crypto": "^0.11.0"
      },
      "engines": {
        "node": ">=18"
      }
    },
    "node_modules/@noble/hashes": {
      "version": "1.8.0",
      "resolved": "https://registry.npmjs.org/@noble/hashes/-/hashes-1.8.0.tgz",
      "integrity": "sha512-jCs9ldd7NwzpgXDIf6P3+NrHh9/sD6CQdxHyjQI+h/6rDNo88ypBxxz45UDuZHz9r3tNz7N/VInSVoVdtXEI4A==",
      "license": "MIT",
      "engines": {
        "node": "^14.21.3 || >=16"
      },
      "funding": {
        "url": "https://paulmillr.com/funding/"
      }
    },
    "node_modules/@scure/base": {
      "version": "1.2.6",
      "resolved": "https://registry.npmjs.org/@scure/base/-/base-1.2.6.tgz",
      "integrity": "sha512-g/nm5FgUa//MCj1gV09zTJTaM6KBAHqLN907YVQqf7zC49+DcO4B1so4ZX07Ef10Twr6nuqYEH9GEggFXA4Fmg==",
      "license": "MIT",
      "funding": {
        "url": "https://paulmillr.com/funding/"
      }
    },
    "node_modules/sigmajs-crypto-facade": {
      "version": "0.0.7",
      "resolved": "https://registry.npmjs.org/sigmajs-crypto-facade/-/sigmajs-crypto-facade-0.0.7.tgz",
      "integrity": "sha512-4XK8ZS9NKAbo8aGnU6o5GkBW6Upl8+OK8A1KreVDMAamfvZ0iq4LoVH8rHaeEPf9moVtaC4QZY5RYI+0OwiydA==",
      "license": "MIT",
      "dependencies": {
        "@noble/hashes": "^1.1.4"
      },
      "engines": {
        "node": ">=10"
      }
    },
    "node_modules/sigmastate-js": {
      "version": "0.4.6",
      "resolved": "https://registry.npmjs.org/sigmastate-js/-/sigmastate-js-0.4.6.tgz",
      "integrity": "sha512-Vo/TSFbkKrG28eiWn7EmoaBNgyabC6En6B7cKjb3z2ivBpFBMCGxUZgmKu83GgJboRvCikZ3/vvWFfbxpbloig==",
      "license": "MIT",
      "dependencies": {
        "@fleet-sdk/common": "0.1.3",
        "@noble/hashes": "1.1.4",
        "sigmajs-crypto-facade": "0.0.7"
      }
    },
    "node_modules/sigmastate-js/node_modules/@fleet-sdk/common": {
      "version": "0.1.3",
      "resolved": "https://registry.npmjs.org/@fleet-sdk/common/-/common-0.1.3.tgz",
      "integrity": "sha512-gYEkHhgGpgIcmCL3nCw8E9zHkT2WLmR+mPdxFlUE6fwcwISURbJrP6W9mF7D5Y0ShAP5Is2w3edh7AyIc7ctIQ==",
      "license": "MIT",
      "engines": {
        "node": ">=14"
      }
    },
    "node_modules/sigmastate-js/node_modules/@noble/hashes": {
      "version": "1.1.4",
      "resolved": "https://registry.npmjs.org/@noble/hashes/-/hashes-1.1.4.tgz",
      "integrity": "sha512-+PYsVPrTSqtVjatKt2A/Proukn2Yrz61OBThOCKErc5w2/r1Fh37vbDv0Eah7pyNltrmacjwTvdw3JoR+WE4TA==",
      "funding": [
        {
          "type": "individual",
          "url": "https://paulmillr.com/funding/"
        }
      ],
      "license": "MIT"
    }
  }
}
